
Microsoft Visual Studio Solution File, Format Version 12.00
# Visual Studio Version 17
VisualStudioVersion = 17.6.33815.320
MinimumVisualStudioVersion = 10.0.40219.1
Project("{FAE04EC0-301F-11D3-BF4B-00C04F79EFBC}") = "GA_InsertionSort_DanielMinty", "GA_InsertionSort_DanielMinty\GA_InsertionSort_DanielMinty.csproj", "{96C6E122-D495-4C8E-94ED-701C27527408}"
EndProject
Global
	GlobalSection(SolutionConfigurationPlatforms) = preSolution
		Debug|Any CPU = Debug|Any CPU
		Release|Any CPU = Release|Any CPU
	EndGlobalSection
	GlobalSection(ProjectConfigurationPlatforms) = postSolution
		{96C6E122-D495-4C8E-94ED-701C27527408}.Debug|Any CPU.ActiveCfg = Debug|Any CPU
		{96C6E122-D495-4C8E-94ED-701C27527408}.Debug|Any CPU.Build.0 = Debug|Any CPU
		{96C6E122-D495-4C8E-94ED-701C27527408}.Release|Any CPU.ActiveCfg = Release|Any CPU
		{96C6E122-D495-4C8E-94ED-701C27527408}.Release|Any CPU.Build.0 = Release|Any CPU
	EndGlobalSection
	GlobalSection(SolutionProperties) = preSolution
		HideSolutionNode = FALSE
	EndGlobalSection
	GlobalSection(ExtensibilityGlobals) = postSolution
		SolutionGuid = {BC062B6F-C061-46B6-8C7C-027FE8436230}
	EndGlobalSection
EndGlobal
